
Microsoft Visual Studio Solution File, Format Version 12.00
# Visual Studio Version 16
VisualStudioVersion = 16.0.31402.337
MinimumVisualStudioVersion = 10.0.40219.1
Project("{2150E333-8FDC-42A3-9474-1A3956D46DE8}") = "Services", "Services", "{94F3DB03-B291-4531-9201-9ACAF6C17291}"
EndProject
Project("{2150E333-8FDC-42A3-9474-1A3956D46DE8}") = "Catalog", "Catalog", "{6E0BC626-8726-4E3D-914D-50F1D094BD1F}"
EndProject
Project("{9A19103F-16F7-4668-BE54-9A1E7A4F7556}") = "Catalog.API", "Services\Catalog\Catalog.API\Catalog.API.csproj", "{C5D7E0AD-4418-4C9F-B470-C27D9331AD23}"
EndProject
Project("{E53339B2-1760-4266-BCC7-CA923CBCF16C}") = "docker-compose", "docker-compose.dcproj", "{CC9BF92C-74E8-4E10-87EC-F8A3DE9AED24}"
EndProject
Project("{2150E333-8FDC-42A3-9474-1A3956D46DE8}") = "Basket", "Basket", "{91EBCBB9-2085-44B3-8A54-4356DB3B014E}"
EndProject
Project("{9A19103F-16F7-4668-BE54-9A1E7A4F7556}") = "Basket.API", "Services\Basket\Basket.API\Basket.API.csproj", "{EE5E3034-3D1C-4FE5-A647-B691347D70E2}"
EndProject
Project("{2150E333-8FDC-42A3-9474-1A3956D46DE8}") = "Discount", "Discount", "{2CC5F2CD-58DC-4BC8-8CED-16CB1BC19947}"
EndProject
Project("{9A19103F-16F7-4668-BE54-9A1E7A4F7556}") = "Discount.API", "Services\Discount\Discount.API\Discount.API.csproj", "{BA01D0DD-7626-42D6-93B7-2635F4E6296E}"
EndProject
Project("{9A19103F-16F7-4668-BE54-9A1E7A4F7556}") = "Discount.Grpc", "Services\Discount\Discount.Grpc\Discount.Grpc.csproj", "{F3BE946B-0676-4684-9FFD-275B7C0F667B}"
EndProject
Project("{2150E333-8FDC-42A3-9474-1A3956D46DE8}") = "Order", "Order", "{6EF2746F-BE52-48B8-9F4D-B20C9FEEBD95}"
EndProject
Project("{FAE04EC0-301F-11D3-BF4B-00C04F79EFBC}") = "Order.API", "Services\Order\Order.API\Order.API.csproj", "{973686E1-10F1-472E-B631-458332516E1E}"
EndProject
Project("{FAE04EC0-301F-11D3-BF4B-00C04F79EFBC}") = "Order.Domain", "Services\Order\Order.Domain\Order.Domain.csproj", "{E549551F-8562-4604-9262-3FC3442FBCBA}"
EndProject
Project("{FAE04EC0-301F-11D3-BF4B-00C04F79EFBC}") = "Order.Application", "Services\Order\Order.Application\Order.Application.csproj", "{37A8ABE4-E691-44AB-8161-7BDFE4F876B6}"
EndProject
Project("{FAE04EC0-301F-11D3-BF4B-00C04F79EFBC}") = "Order.Infrastructure", "Services\Order\Order.Infrastructure\Order.Infrastructure.csproj", "{F989AB9E-D9C3-46A1-A486-E91F2F4B0A3E}"
EndProject
Global
	GlobalSection(SolutionConfigurationPlatforms) = preSolution
		Debug|Any CPU = Debug|Any CPU
		Release|Any CPU = Release|Any CPU
	EndGlobalSection
	GlobalSection(ProjectConfigurationPlatforms) = postSolution
		{C5D7E0AD-4418-4C9F-B470-C27D9331AD23}.Debug|Any CPU.ActiveCfg = Debug|Any CPU
		{C5D7E0AD-4418-4C9F-B470-C27D9331AD23}.Debug|Any CPU.Build.0 = Debug|Any CPU
		{C5D7E0AD-4418-4C9F-B470-C27D9331AD23}.Release|Any CPU.ActiveCfg = Release|Any CPU
		{C5D7E0AD-4418-4C9F-B470-C27D9331AD23}.Release|Any CPU.Build.0 = Release|Any CPU
		{CC9BF92C-74E8-4E10-87EC-F8A3DE9AED24}.Debug|Any CPU.ActiveCfg = Debug|Any CPU
		{CC9BF92C-74E8-4E10-87EC-F8A3DE9AED24}.Debug|Any CPU.Build.0 = Debug|Any CPU
		{CC9BF92C-74E8-4E10-87EC-F8A3DE9AED24}.Release|Any CPU.ActiveCfg = Release|Any CPU
		{CC9BF92C-74E8-4E10-87EC-F8A3DE9AED24}.Release|Any CPU.Build.0 = Release|Any CPU
		{EE5E3034-3D1C-4FE5-A647-B691347D70E2}.Debug|Any CPU.ActiveCfg = Debug|Any CPU
		{EE5E3034-3D1C-4FE5-A647-B691347D70E2}.Debug|Any CPU.Build.0 = Debug|Any CPU
		{EE5E3034-3D1C-4FE5-A647-B691347D70E2}.Release|Any CPU.ActiveCfg = Release|Any CPU
		{EE5E3034-3D1C-4FE5-A647-B691347D70E2}.Release|Any CPU.Build.0 = Release|Any CPU
		{BA01D0DD-7626-42D6-93B7-2635F4E6296E}.Debug|Any CPU.ActiveCfg = Debug|Any CPU
		{BA01D0DD-7626-42D6-93B7-2635F4E6296E}.Debug|Any CPU.Build.0 = Debug|Any CPU
		{BA01D0DD-7626-42D6-93B7-2635F4E6296E}.Release|Any CPU.ActiveCfg = Release|Any CPU
		{BA01D0DD-7626-42D6-93B7-2635F4E6296E}.Release|Any CPU.Build.0 = Release|Any CPU
		{F3BE946B-0676-4684-9FFD-275B7C0F667B}.Debug|Any CPU.ActiveCfg = Debug|Any CPU
		{F3BE946B-0676-4684-9FFD-275B7C0F667B}.Debug|Any CPU.Build.0 = Debug|Any CPU
		{F3BE946B-0676-4684-9FFD-275B7C0F667B}.Release|Any CPU.ActiveCfg = Release|Any CPU
		{F3BE946B-0676-4684-9FFD-275B7C0F667B}.Release|Any CPU.Build.0 = Release|Any CPU
		{973686E1-10F1-472E-B631-458332516E1E}.Debug|Any CPU.ActiveCfg = Debug|Any CPU
		{973686E1-10F1-472E-B631-458332516E1E}.Debug|Any CPU.Build.0 = Debug|Any CPU
		{973686E1-10F1-472E-B631-458332516E1E}.Release|Any CPU.ActiveCfg = Release|Any CPU
		{973686E1-10F1-472E-B631-458332516E1E}.Release|Any CPU.Build.0 = Release|Any CPU
		{E549551F-8562-4604-9262-3FC3442FBCBA}.Debug|Any CPU.ActiveCfg = Debug|Any CPU
		{E549551F-8562-4604-9262-3FC3442FBCBA}.Debug|Any CPU.Build.0 = Debug|Any CPU
		{E549551F-8562-4604-9262-3FC3442FBCBA}.Release|Any CPU.ActiveCfg = Release|Any CPU
		{E549551F-8562-4604-9262-3FC3442FBCBA}.Release|Any CPU.Build.0 = Release|Any CPU
		{37A8ABE4-E691-44AB-8161-7BDFE4F876B6}.Debug|Any CPU.ActiveCfg = Debug|Any CPU
		{37A8ABE4-E691-44AB-8161-7BDFE4F876B6}.Debug|Any CPU.Build.0 = Debug|Any CPU
		{37A8ABE4-E691-44AB-8161-7BDFE4F876B6}.Release|Any CPU.ActiveCfg = Release|Any CPU
		{37A8ABE4-E691-44AB-8161-7BDFE4F876B6}.Release|Any CPU.Build.0 = Release|Any CPU
		{F989AB9E-D9C3-46A1-A486-E91F2F4B0A3E}.Debug|Any CPU.ActiveCfg = Debug|Any CPU
		{F989AB9E-D9C3-46A1-A486-E91F2F4B0A3E}.Debug|Any CPU.Build.0 = Debug|Any CPU
		{F989AB9E-D9C3-46A1-A486-E91F2F4B0A3E}.Release|Any CPU.ActiveCfg = Release|Any CPU
		{F989AB9E-D9C3-46A1-A486-E91F2F4B0A3E}.Release|Any CPU.Build.0 = Release|Any CPU
	EndGlobalSection
	GlobalSection(SolutionProperties) = preSolution
		HideSolutionNode = FALSE
	EndGlobalSection
	GlobalSection(NestedProjects) = preSolution
		{6E0BC626-8726-4E3D-914D-50F1D094BD1F} = {94F3DB03-B291-4531-9201-9ACAF6C17291}
		{C5D7E0AD-4418-4C9F-B470-C27D9331AD23} = {6E0BC626-8726-4E3D-914D-50F1D094BD1F}
		{91EBCBB9-2085-44B3-8A54-4356DB3B014E} = {94F3DB03-B291-4531-9201-9ACAF6C17291}
		{EE5E3034-3D1C-4FE5-A647-B691347D70E2} = {91EBCBB9-2085-44B3-8A54-4356DB3B014E}
		{2CC5F2CD-58DC-4BC8-8CED-16CB1BC19947} = {94F3DB03-B291-4531-9201-9ACAF6C17291}
		{BA01D0DD-7626-42D6-93B7-2635F4E6296E} = {2CC5F2CD-58DC-4BC8-8CED-16CB1BC19947}
		{F3BE946B-0676-4684-9FFD-275B7C0F667B} = {2CC5F2CD-58DC-4BC8-8CED-16CB1BC19947}
		{6EF2746F-BE52-48B8-9F4D-B20C9FEEBD95} = {94F3DB03-B291-4531-9201-9ACAF6C17291}
		{973686E1-10F1-472E-B631-458332516E1E} = {6EF2746F-BE52-48B8-9F4D-B20C9FEEBD95}
		{E549551F-8562-4604-9262-3FC3442FBCBA} = {6EF2746F-BE52-48B8-9F4D-B20C9FEEBD95}
		{37A8ABE4-E691-44AB-8161-7BDFE4F876B6} = {6EF2746F-BE52-48B8-9F4D-B20C9FEEBD95}
		{F989AB9E-D9C3-46A1-A486-E91F2F4B0A3E} = {6EF2746F-BE52-48B8-9F4D-B20C9FEEBD95}
	EndGlobalSection
	GlobalSection(ExtensibilityGlobals) = postSolution
		SolutionGuid = {F22C6600-9B28-4575-A989-D1E3240788EC}
	EndGlobalSection
EndGlobal
